
Microsoft Visual Studio Solution File, Format Version 12.00
# Visual Studio Version 17
VisualStudioVersion = 17.8.34511.84
MinimumVisualStudioVersion = 10.0.40219.1
Project("{2150E333-8FDC-42A3-9474-1A3956D46DE8}") = "App", "App", "{4483398D-1853-43BD-95CE-D0CF35F78DEB}"
EndProject
Project("{FAE04EC0-301F-11D3-BF4B-00C04F79EFBC}") = "ToDoServices.API", "ToDoServices.API\ToDoServices.API.csproj", "{379D3203-F2F7-423A-8E12-717E0E4C3B13}"
EndProject
Global
	GlobalSection(SolutionConfigurationPlatforms) = preSolution
		Debug|Any CPU = Debug|Any CPU
		Release|Any CPU = Release|Any CPU
	EndGlobalSection
	GlobalSection(ProjectConfigurationPlatforms) = postSolution
		{379D3203-F2F7-423A-8E12-717E0E4C3B13}.Debug|Any CPU.ActiveCfg = Debug|Any CPU
		{379D3203-F2F7-423A-8E12-717E0E4C3B13}.Debug|Any CPU.Build.0 = Debug|Any CPU
		{379D3203-F2F7-423A-8E12-717E0E4C3B13}.Release|Any CPU.ActiveCfg = Release|Any CPU
		{379D3203-F2F7-423A-8E12-717E0E4C3B13}.Release|Any CPU.Build.0 = Release|Any CPU
	EndGlobalSection
	GlobalSection(SolutionProperties) = preSolution
		HideSolutionNode = FALSE
	EndGlobalSection
	GlobalSection(NestedProjects) = preSolution
		{379D3203-F2F7-423A-8E12-717E0E4C3B13} = {4483398D-1853-43BD-95CE-D0CF35F78DEB}
	EndGlobalSection
	GlobalSection(ExtensibilityGlobals) = postSolution
		SolutionGuid = {A7CE1074-9247-4E0C-A864-9E51F490DC01}
	EndGlobalSection
EndGlobal
